// !$*UTF8*$!
{
	archiveVersion = 1;
	classes = {
	};
	objectVersion = 50;
	objects = {

/* Begin PBXBuildFile section */
		5062F5C620C662D600401F84 /* AppDelegate.swift in Sources */ = {isa = PBXBuildFile; fileRef = 5062F5C520C662D600401F84 /* AppDelegate.swift */; };
		5062F5C820C662D600401F84 /* ViewController.swift in Sources */ = {isa = PBXBuildFile; fileRef = 5062F5C720C662D600401F84 /* ViewController.swift */; };
		5062F5CB20C662D600401F84 /* Main.storyboard in Resources */ = {isa = PBXBuildFile; fileRef = 5062F5C920C662D600401F84 /* Main.storyboard */; };
		5062F5CD20C662D700401F84 /* Assets.xcassets in Resources */ = {isa = PBXBuildFile; fileRef = 5062F5CC20C662D700401F84 /* Assets.xcassets */; };
		5062F5D020C662D700401F84 /* LaunchScreen.storyboard in Resources */ = {isa = PBXBuildFile; fileRef = 5062F5CE20C662D700401F84 /* LaunchScreen.storyboard */; };
		5076DDB820C66E2600322D05 /* DataModel.swift in Sources */ = {isa = PBXBuildFile; fileRef = 5076DDB720C66E2600322D05 /* DataModel.swift */; };
		FA608C81F3D9D04B6EDFC2D9 /* Pods_Triviam.framework in Frameworks */ = {isa = PBXBuildFile; fileRef = 630222711CD75B8BA37AE05C /* Pods_Triviam.framework */; };
/* End PBXBuildFile section */

/* Begin PBXFileReference section */
		5062F5C220C662D600401F84 /* Triviam.app */ = {isa = PBXFileReference; explicitFileType = wrapper.application; includeInIndex = 0; path = Triviam.app; sourceTree = BUILT_PRODUCTS_DIR; };
		5062F5C520C662D600401F84 /* AppDelegate.swift */ = {isa = PBXFileReference; lastKnownFileType = sourcecode.swift; path = AppDelegate.swift; sourceTree = "<group>"; };
		5062F5C720C662D600401F84 /* ViewController.swift */ = {isa = PBXFileReference; lastKnownFileType = sourcecode.swift; path = ViewController.swift; sourceTree = "<group>"; };
		5062F5CA20C662D600401F84 /* Base */ = {isa = PBXFileReference; lastKnownFileType = file.storyboard; name = Base; path = Base.lproj/Main.storyboard; sourceTree = "<group>"; };
		5062F5CC20C662D700401F84 /* Assets.xcassets */ = {isa = PBXFileReference; lastKnownFileType = folder.assetcatalog; path = Assets.xcassets; sourceTree = "<group>"; };
		5062F5CF20C662D700401F84 /* Base */ = {isa = PBXFileReference; lastKnownFileType = file.storyboard; name = Base; path = Base.lproj/LaunchScreen.storyboard; sourceTree = "<group>"; };
		5062F5D120C662D700401F84 /* Info.plist */ = {isa = PBXFileReference; lastKnownFileType = text.plist.xml; path = Info.plist; sourceTree = "<group>"; };
		5076DDB720C66E2600322D05 /* DataModel.swift */ = {isa = PBXFileReference; lastKnownFileType = sourcecode.swift; path = DataModel.swift; sourceTree = "<group>"; };
		545FC40AADD6CF979960ED62 /* Pods-Triviam.debug.xcconfig */ = {isa = PBXFileReference; includeInIndex = 1; lastKnownFileType = text.xcconfig; name = "Pods-Triviam.debug.xcconfig"; path = "Pods/Target Support Files/Pods-Triviam/Pods-Triviam.debug.xcconfig"; sourceTree = "<group>"; };
		630222711CD75B8BA37AE05C /* Pods_Triviam.framework */ = {isa = PBXFileReference; explicitFileType = wrapper.framework; includeInIndex = 0; path = Pods_Triviam.framework; sourceTree = BUILT_PRODUCTS_DIR; };
		99DAFB2D9E4D10AAEAB3EBA7 /* Pods-Triviam.release.xcconfig */ = {isa = PBXFileReference; includeInIndex = 1; lastKnownFileType = text.xcconfig; name = "Pods-Triviam.release.xcconfig"; path = "Pods/Target Support Files/Pods-Triviam/Pods-Triviam.release.xcconfig"; sourceTree = "<group>"; };
/* End PBXFileReference section */

/* Begin PBXFrameworksBuildPhase section */
		5062F5BF20C662D600401F84 /* Frameworks */ = {
			isa = PBXFrameworksBuildPhase;
			buildActionMask = 2147483647;
			files = (
				FA608C81F3D9D04B6EDFC2D9 /* Pods_Triviam.framework in Frameworks */,
			);
			runOnlyForDeploymentPostprocessing = 0;
		};
/* End PBXFrameworksBuildPhase section */

/* Begin PBXGroup section */
		5062F5B920C662D600401F84 = {
			isa = PBXGroup;
			children = (
				5062F5C420C662D600401F84 /* Triviam */,
				5062F5C320C662D600401F84 /* Products */,
				75513B82C57C64C85B35B042 /* Pods */,
				6BD890FCFC66AB96E74F33B3 /* Frameworks */,
			);
			sourceTree = "<group>";
		};
		5062F5C320C662D600401F84 /* Products */ = {
			isa = PBXGroup;
			children = (
				5062F5C220C662D600401F84 /* Triviam.app */,
			);
			name = Products;
			sourceTree = "<group>";
		};
		5062F5C420C662D600401F84 /* Triviam */ = {
			isa = PBXGroup;
			children = (
				5062F5D920C662FE00401F84 /* Controller */,
				5062F5D820C662F400401F84 /* Model */,
				5062F5D720C662ED00401F84 /* View */,
				5062F5D120C662D700401F84 /* Info.plist */,
			);
			path = Triviam;
			sourceTree = "<group>";
		};
		5062F5D720C662ED00401F84 /* View */ = {
			isa = PBXGroup;
			children = (
				5062F5C920C662D600401F84 /* Main.storyboard */,
				5062F5CC20C662D700401F84 /* Assets.xcassets */,
				5062F5CE20C662D700401F84 /* LaunchScreen.storyboard */,
			);
			path = View;
			sourceTree = "<group>";
		};
		5062F5D820C662F400401F84 /* Model */ = {
			isa = PBXGroup;
			children = (
				5076DDB720C66E2600322D05 /* DataModel.swift */,
			);
			path = Model;
			sourceTree = "<group>";
		};
		5062F5D920C662FE00401F84 /* Controller */ = {
			isa = PBXGroup;
			children = (
				5062F5C520C662D600401F84 /* AppDelegate.swift */,
				5062F5C720C662D600401F84 /* ViewController.swift */,
			);
			path = Controller;
			sourceTree = "<group>";
		};
		6BD890FCFC66AB96E74F33B3 /* Frameworks */ = {
			isa = PBXGroup;
			children = (
				630222711CD75B8BA37AE05C /* Pods_Triviam.framework */,
			);
			name = Frameworks;
			sourceTree = "<group>";
		};
		75513B82C57C64C85B35B042 /* Pods */ = {
			isa = PBXGroup;
			children = (
				545FC40AADD6CF979960ED62 /* Pods-Triviam.debug.xcconfig */,
				99DAFB2D9E4D10AAEAB3EBA7 /* Pods-Triviam.release.xcconfig */,
			);
			name = Pods;
			sourceTree = "<group>";
		};
/* End PBXGroup section */

/* Begin PBXNativeTarget section */
		5062F5C120C662D600401F84 /* Triviam */ = {
			isa = PBXNativeTarget;
			buildConfigurationList = 5062F5D420C662D700401F84 /* Build configuration list for PBXNativeTarget "Triviam" */;
			buildPhases = (
				FB10CFE25257B03909A07A2C /* [CP] Check Pods Manifest.lock */,
				5062F5BE20C662D600401F84 /* Sources */,
				5062F5BF20C662D600401F84 /* Frameworks */,
				5062F5C020C662D600401F84 /* Resources */,
				F823D841E5A40A063A088864 /* [CP] Embed Pods Frameworks */,
			);
			buildRules = (
			);
			dependencies = (
			);
			name = Triviam;
			productName = Triviam;
			productReference = 5062F5C220C662D600401F84 /* Triviam.app */;
			productType = "com.apple.product-type.application";
		};
/* End PBXNativeTarget section */

/* Begin PBXProject section */
		5062F5BA20C662D600401F84 /* Project object */ = {
			isa = PBXProject;
			attributes = {
				LastSwiftUpdateCheck = 0940;
				LastUpgradeCheck = 0940;
				ORGANIZATIONNAME = "Murat Baturay";
				TargetAttributes = {
					5062F5C120C662D600401F84 = {
						CreatedOnToolsVersion = 9.4;
					};
				};
			};
			buildConfigurationList = 5062F5BD20C662D600401F84 /* Build configuration list for PBXProject "Triviam" */;
			compatibilityVersion = "Xcode 9.3";
			developmentRegion = en;
			hasScannedForEncodings = 0;
			knownRegions = (
				en,
				Base,
			);
			mainGroup = 5062F5B920C662D600401F84;
			productRefGroup = 5062F5C320C662D600401F84 /* Products */;
			projectDirPath = "";
			projectRoot = "";
			targets = (
				5062F5C120C662D600401F84 /* Triviam */,
			);
		};
/* End PBXProject section */

/* Begin PBXResourcesBuildPhase section */
		5062F5C020C662D600401F84 /* Resources */ = {
			isa = PBXResourcesBuildPhase;
			buildActionMask = 2147483647;
			files = (
				5062F5D020C662D700401F84 /* LaunchScreen.storyboard in Resources */,
				5062F5CD20C662D700401F84 /* Assets.xcassets in Resources */,
				5062F5CB20C662D600401F84 /* Main.storyboard in Resources */,
			);
			runOnlyForDeploymentPostprocessing = 0;
		};
/* End PBXResourcesBuildPhase section */

/* Begin PBXShellScriptBuildPhase section */
		F823D841E5A40A063A088864 /* [CP] Embed Pods Frameworks */ = {
			isa = PBXShellScriptBuildPhase;
			buildActionMask = 2147483647;
			files = (
			);
			inputPaths = (
				"${SRCROOT}/Pods/Target Support Files/Pods-Triviam/Pods-Triviam-frameworks.sh",
				"${BUILT_PRODUCTS_DIR}/Alamofire/Alamofire.framework",
				"${BUILT_PRODUCTS_DIR}/SVProgressHUD/SVProgressHUD.framework",
				"${BUILT_PRODUCTS_DIR}/SwiftyJSON/SwiftyJSON.framework",
			);
			name = "[CP] Embed Pods Frameworks";
			outputPaths = (
				"${TARGET_BUILD_DIR}/${FRAMEWORKS_FOLDER_PATH}/Alamofire.framework",
				"${TARGET_BUILD_DIR}/${FRAMEWORKS_FOLDER_PATH}/SVProgressHUD.framework",
				"${TARGET_BUILD_DIR}/${FRAMEWORKS_FOLDER_PATH}/SwiftyJSON.framework",
			);
			runOnlyForDeploymentPostprocessing = 0;
			shellPath = /bin/sh;
			shellScript = "\"${SRCROOT}/Pods/Target Support Files/Pods-Triviam/Pods-Triviam-frameworks.sh\"\n";
			showEnvVarsInLog = 0;
		};
		FB10CFE25257B03909A07A2C /* [CP] Check Pods Manifest.lock */ = {
			isa = PBXShellScriptBuildPhase;
			buildActionMask = 2147483647;
			files = (
			);
			inputPaths = (
				"${PODS_PODFILE_DIR_PATH}/Podfile.lock",
				"${PODS_ROOT}/Manifest.lock",
			);
			name = "[CP] Check Pods Manifest.lock";
			outputPaths = (
				"$(DERIVED_FILE_DIR)/Pods-Triviam-checkManifestLockResult.txt",
			);
			runOnlyForDeploymentPostprocessing = 0;
			shellPath = /bin/sh;
			shellScript = "diff \"${PODS_PODFILE_DIR_PATH}/Podfile.lock\" \"${PODS_ROOT}/Manifest.lock\" > /dev/null\nif [ $? != 0 ] ; then\n    # print error to STDERR\n    echo \"error: The sandbox is not in sync with the Podfile.lock. Run 'pod install' or update your CocoaPods installation.\" >&2\n    exit 1\nfi\n# This output is used by Xcode 'outputs' to avoid re-running this script phase.\necho \"SUCCESS\" > \"${SCRIPT_OUTPUT_FILE_0}\"\n";
			showEnvVarsInLog = 0;
		};
/* End PBXShellScriptBuildPhase section */

/* Begin PBXSourcesBuildPhase section */
		5062F5BE20C662D600401F84 /* Sources */ = {
			isa = PBXSourcesBuildPhase;
			buildActionMask = 2147483647;
			files = (
				5062F5C820C662D600401F84 /* ViewController.swift in Sources */,
				5062F5C620C662D600401F84 /* AppDelegate.swift in Sources */,
				5076DDB820C66E2600322D05 /* DataModel.swift in Sources */,
			);
			runOnlyForDeploymentPostprocessing = 0;
		};
/* End PBXSourcesBuildPhase section */

/* Begin PBXVariantGroup section */
		5062F5C920C662D600401F84 /* Main.storyboard */ = {
			isa = PBXVariantGroup;
			children = (
				5062F5CA20C662D600401F84 /* Base */,
			);
			name = Main.storyboard;
			sourceTree = "<group>";
		};
		5062F5CE20C662D700401F84 /* LaunchScreen.storyboard */ = {
			isa = PBXVariantGroup;
			children = (
				5062F5CF20C662D700401F84 /* Base */,
			);
			name = LaunchScreen.storyboard;
			sourceTree = "<group>";
		};
/* End PBXVariantGroup section */

/* Begin XCBuildConfiguration section */
		5062F5D220C662D700401F84 /* Debug */ = {
			isa = XCBuildConfiguration;
			buildSettings = {
				ALWAYS_SEARCH_USER_PATHS = NO;
				CLANG_ANALYZER_NONNULL = YES;
				CLANG_ANALYZER_NUMBER_OBJECT_CONVERSION = YES_AGGRESSIVE;
				CLANG_CXX_LANGUAGE_STANDARD = "gnu++14";
				CLANG_CXX_LIBRARY = "libc++";
				CLANG_ENABLE_MODULES = YES;
				CLANG_ENABLE_OBJC_ARC = YES;
				CLANG_ENABLE_OBJC_WEAK = YES;
				CLANG_WARN_BLOCK_CAPTURE_AUTORELEASING = YES;
				CLANG_WARN_BOOL_CONVERSION = YES;
				CLANG_WARN_COMMA = YES;
				CLANG_WARN_CONSTANT_CONVERSION = YES;
				CLANG_WARN_DEPRECATED_OBJC_IMPLEMENTATIONS = YES;
				CLANG_WARN_DIRECT_OBJC_ISA_USAGE = YES_ERROR;
				CLANG_WARN_DOCUMENTATION_COMMENTS = YES;
				CLANG_WARN_EMPTY_BODY = YES;
				CLANG_WARN_ENUM_CONVERSION = YES;
				CLANG_WARN_INFINITE_RECURSION = YES;
				CLANG_WARN_INT_CONVERSION = YES;
				CLANG_WARN_NON_LITERAL_NULL_CONVERSION = YES;
				CLANG_WARN_OBJC_IMPLICIT_RETAIN_SELF = YES;
				CLANG_WARN_OBJC_LITERAL_CONVERSION = YES;
				CLANG_WARN_OBJC_ROOT_CLASS = YES_ERROR;
				CLANG_WARN_RANGE_LOOP_ANALYSIS = YES;
				CLANG_WARN_STRICT_PROTOTYPES = YES;
				CLANG_WARN_SUSPICIOUS_MOVE = YES;
				CLANG_WARN_UNGUARDED_AVAILABILITY = YES_AGGRESSIVE;
				CLANG_WARN_UNREACHABLE_CODE = YES;
				CLANG_WARN__DUPLICATE_METHOD_MATCH = YES;
				CODE_SIGN_IDENTITY = "iPhone Developer";
				COPY_PHASE_STRIP = NO;
				DEBUG_INFORMATION_FORMAT = dwarf;
				ENABLE_STRICT_OBJC_MSGSEND = YES;
				ENABLE_TESTABILITY = YES;
				GCC_C_LANGUAGE_STANDARD = gnu11;
				GCC_DYNAMIC_NO_PIC = NO;
				GCC_NO_COMMON_BLOCKS = YES;
				GCC_OPTIMIZATION_LEVEL = 0;
				GCC_PREPROCESSOR_DEFINITIONS = (
					"DEBUG=1",
					"$(inherited)",
				);
				GCC_WARN_64_TO_32_BIT_CONVERSION = YES;
				GCC_WARN_ABOUT_RETURN_TYPE = YES_ERROR;
				GCC_WARN_UNDECLARED_SELECTOR = YES;
				GCC_WARN_UNINITIALIZED_AUTOS = YES_AGGRESSIVE;
				GCC_WARN_UNUSED_FUNCTION = YES;
				GCC_WARN_UNUSED_VARIABLE = YES;
				IPHONEOS_DEPLOYMENT_TARGET = 11.4;
				MTL_ENABLE_DEBUG_INFO = YES;
				ONLY_ACTIVE_ARCH = YES;
				SDKROOT = iphoneos;
				SWIFT_ACTIVE_COMPILATION_CONDITIONS = DEBUG;
				SWIFT_OPTIMIZATION_LEVEL = "-Onone";
			};
			name = Debug;
		};
		5062F5D320C662D700401F84 /* Release */ = {
			isa = XCBuildConfiguration;
			buildSettings = {
				ALWAYS_SEARCH_USER_PATHS = NO;
				CLANG_ANALYZER_NONNULL = YES;
				CLANG_ANALYZER_NUMBER_OBJECT_CONVERSION = YES_AGGRESSIVE;
				CLANG_CXX_LANGUAGE_STANDARD = "gnu++14";
				CLANG_CXX_LIBRARY = "libc++";
				CLANG_ENABLE_MODULES = YES;
				CLANG_ENABLE_OBJC_ARC = YES;
				CLANG_ENABLE_OBJC_WEAK = YES;
				CLANG_WARN_BLOCK_CAPTURE_AUTORELEASING = YES;
				CLANG_WARN_BOOL_CONVERSION = YES;
				CLANG_WARN_COMMA = YES;
				CLANG_WARN_CONSTANT_CONVERSION = YES;
				CLANG_WARN_DEPRECATED_OBJC_IMPLEMENTATIONS = YES;
				CLANG_WARN_DIRECT_OBJC_ISA_USAGE = YES_ERROR;
				CLANG_WARN_DOCUMENTATION_COMMENTS = YES;
				CLANG_WARN_EMPTY_BODY = YES;
				CLANG_WARN_ENUM_CONVERSION = YES;
				CLANG_WARN_INFINITE_RECURSION = YES;
				CLANG_WARN_INT_CONVERSION = YES;
				CLANG_WARN_NON_LITERAL_NULL_CONVERSION = YES;
				CLANG_WARN_OBJC_IMPLICIT_RETAIN_SELF = YES;
				CLANG_WARN_OBJC_LITERAL_CONVERSION = YES;
				CLANG_WARN_OBJC_ROOT_CLASS = YES_ERROR;
				CLANG_WARN_RANGE_LOOP_ANALYSIS = YES;
				CLANG_WARN_STRICT_PROTOTYPES = YES;
				CLANG_WARN_SUSPICIOUS_MOVE = YES;
				CLANG_WARN_UNGUARDED_AVAILABILITY = YES_AGGRESSIVE;
				CLANG_WARN_UNREACHABLE_CODE = YES;
				CLANG_WARN__DUPLICATE_METHOD_MATCH = YES;
				CODE_SIGN_IDENTITY = "iPhone Developer";
				COPY_PHASE_STRIP = NO;
				DEBUG_INFORMATION_FORMAT = "dwarf-with-dsym";
				ENABLE_NS_ASSERTIONS = NO;
				ENABLE_STRICT_OBJC_MSGSEND = YES;
				GCC_C_LANGUAGE_STANDARD = gnu11;
				GCC_NO_COMMON_BLOCKS = YES;
				GCC_WARN_64_TO_32_BIT_CONVERSION = YES;
				GCC_WARN_ABOUT_RETURN_TYPE = YES_ERROR;
				GCC_WARN_UNDECLARED_SELECTOR = YES;
				GCC_WARN_UNINITIALIZED_AUTOS = YES_AGGRESSIVE;
				GCC_WARN_UNUSED_FUNCTION = YES;
				GCC_WARN_UNUSED_VARIABLE = YES;
				IPHONEOS_DEPLOYMENT_TARGET = 11.4;
				MTL_ENABLE_DEBUG_INFO = NO;
				SDKROOT = iphoneos;
				SWIFT_COMPILATION_MODE = wholemodule;
				SWIFT_OPTIMIZATION_LEVEL = "-O";
				VALIDATE_PRODUCT = YES;
			};
			name = Release;
		};
		5062F5D520C662D700401F84 /* Debug */ = {
			isa = XCBuildConfiguration;
			baseConfigurationReference = 545FC40AADD6CF979960ED62 /* Pods-Triviam.debug.xcconfig */;
			buildSettings = {
				ASSETCATALOG_COMPILER_APPICON_NAME = AppIcon;
				CODE_SIGN_STYLE = Automatic;
				DEVELOPMENT_TEAM = E3WT2MZUQA;
				INFOPLIST_FILE = Triviam/Info.plist;
				LD_RUNPATH_SEARCH_PATHS = (
					"$(inherited)",
					"@executable_path/Frameworks",
				);
				PRODUCT_BUNDLE_IDENTIFIER = ca.baturay.www.Triviam;
				PRODUCT_NAME = "$(TARGET_NAME)";
				SWIFT_VERSION = 4.0;
				TARGETED_DEVICE_FAMILY = "1,2";
			};
			name = Debug;
		};
		5062F5D620C662D700401F84 /* Release */ = {
			isa = XCBuildConfiguration;
			baseConfigurationReference = 99DAFB2D9E4D10AAEAB3EBA7 /* Pods-Triviam.release.xcconfig */;
			buildSettings = {
				ASSETCATALOG_COMPILER_APPICON_NAME = AppIcon;
				CODE_SIGN_STYLE = Automatic;
				DEVELOPMENT_TEAM = E3WT2MZUQA;
				INFOPLIST_FILE = Triviam/Info.plist;
				LD_RUNPATH_SEARCH_PATHS = (
					"$(inherited)",
					"@executable_path/Frameworks",
				);
				PRODUCT_BUNDLE_IDENTIFIER = ca.baturay.www.Triviam;
				PRODUCT_NAME = "$(TARGET_NAME)";
				SWIFT_VERSION = 4.0;
				TARGETED_DEVICE_FAMILY = "1,2";
			};
			name = Release;
		};
/* End XCBuildConfiguration section */

/* Begin XCConfigurationList section */
		5062F5BD20C662D600401F84 /* Build configuration list for PBXProject "Triviam" */ = {
			isa = XCConfigurationList;
			buildConfigurations = (
				5062F5D220C662D700401F84 /* Debug */,
				5062F5D320C662D700401F84 /* Release */,
			);
			defaultConfigurationIsVisible = 0;
			defaultConfigurationName = Release;
		};
		5062F5D420C662D700401F84 /* Build configuration list for PBXNativeTarget "Triviam" */ = {
			isa = XCConfigurationList;
			buildConfigurations = (
				5062F5D520C662D700401F84 /* Debug */,
				5062F5D620C662D700401F84 /* Release */,
			);
			defaultConfigurationIsVisible = 0;
			defaultConfigurationName = Release;
		};
/* End XCConfigurationList section */
	};
	rootObject = 5062F5BA20C662D600401F84 /* Project object */;
}
